
Microsoft Visual Studio Solution File, Format Version 12.00
# Visual Studio 15
VisualStudioVersion = 15.0.27019.1
MinimumVisualStudioVersion = 10.0.40219.1
Project("{FAE04EC0-301F-11D3-BF4B-00C04F79EFBC}") = "ObjectsMapperBenchmark", "ObjectsMapperBenchmark\ObjectsMapperBenchmark.csproj", "{61F7CC93-2DAF-4FE2-9489-930B7652634D}"
EndProject
Global
	GlobalSection(SolutionConfigurationPlatforms) = preSolution
		Debug|Any CPU = Debug|Any CPU
		Release|Any CPU = Release|Any CPU
	EndGlobalSection
	GlobalSection(ProjectConfigurationPlatforms) = postSolution
		{61F7CC93-2DAF-4FE2-9489-930B7652634D}.Debug|Any CPU.ActiveCfg = Debug|Any CPU
		{61F7CC93-2DAF-4FE2-9489-930B7652634D}.Debug|Any CPU.Build.0 = Debug|Any CPU
		{61F7CC93-2DAF-4FE2-9489-930B7652634D}.Release|Any CPU.ActiveCfg = Release|Any CPU
		{61F7CC93-2DAF-4FE2-9489-930B7652634D}.Release|Any CPU.Build.0 = Release|Any CPU
	EndGlobalSection
	GlobalSection(SolutionProperties) = preSolution
		HideSolutionNode = FALSE
	EndGlobalSection
	GlobalSection(ExtensibilityGlobals) = postSolution
		SolutionGuid = {3D28C920-CC94-4E43-BAF1-FB74FCB3D3C7}
	EndGlobalSection
EndGlobal
